
Microsoft Visual Studio Solution File, Format Version 12.00
# Visual Studio Version 18
VisualStudioVersion = 18.0.11222.15
MinimumVisualStudioVersion = 10.0.40219.1
Project("{FAE04EC0-301F-11D3-BF4B-00C04F79EFBC}") = "GigaPenterEngine", "GigaPenterEngine\GigaPenterEngine.csproj", "{3EF9DD84-93D8-4CBA-A528-5DF198923F69}"
EndProject
Project("{FAE04EC0-301F-11D3-BF4B-00C04F79EFBC}") = "TestingProject", "TestingProject\TestingProject.csproj", "{23C9E893-5509-4C70-BC87-CE71C82F9853}"
EndProject
Project("{FAE04EC0-301F-11D3-BF4B-00C04F79EFBC}") = "GigaPenterEngine.Renderer.Monogame", "GigaPenterEngine.Renderer.Monogame\GigaPenterEngine.Renderer.Monogame.csproj", "{9DE27394-50D0-4B69-8EF8-D8347DA1A9D0}"
EndProject
Project("{FAE04EC0-301F-11D3-BF4B-00C04F79EFBC}") = "GigaPenterEngine.Renderer.ASCII", "GigaPenterEngine.Renderer.ASCII\GigaPenterEngine.Renderer.ASCII.csproj", "{79C93F80-2830-4318-8632-ADBECBC00F18}"
EndProject
Project("{FAE04EC0-301F-11D3-BF4B-00C04F79EFBC}") = "GigaPenterEngine.Audio.NAudio", "GigaPenterEngine.Audio.NAudio\GigaPenterEngine.Audio.NAudio.csproj", "{61572479-B21E-4A85-92AB-C38B7C2439CF}"
EndProject
Project("{FAE04EC0-301F-11D3-BF4B-00C04F79EFBC}") = "GigaPenterEngine.Audio.SoLoudEngine", "GigaPenterEngine.Audio.SoLoudEngine\GigaPenterEngine.Audio.SoLoudEngine.csproj", "{FA0EC8DB-A4E6-42B9-A06D-8448672266CC}"
EndProject
Project("{FAE04EC0-301F-11D3-BF4B-00C04F79EFBC}") = "GigaPenterEngine.Audio.MiniAudio", "GigaPenterEngine.Audio.MiniAudio\GigaPenterEngine.Audio.MiniAudio.csproj", "{1ADFDB75-B9BD-4DD9-B576-E3AC59B0FCAF}"
EndProject
Project("{FAE04EC0-301F-11D3-BF4B-00C04F79EFBC}") = "GigaPenterEngine.Renderer.PentaKit", "GigaPenterEngine.Renderer.PentaKit\GigaPenterEngine.Renderer.PentaKit.csproj", "{9E4A0432-B37F-469E-A01F-C04A35CE2DF9}"
EndProject
Project("{FAE04EC0-301F-11D3-BF4B-00C04F79EFBC}") = "GigaPenterEngine.Networking", "GigaPenterEngine.Networking\GigaPenterEngine.Networking.csproj", "{FB64951D-DC95-47E7-9A87-5E6F647486BA}"
EndProject
Global
	GlobalSection(SolutionConfigurationPlatforms) = preSolution
		Debug|Any CPU = Debug|Any CPU
		Release|Any CPU = Release|Any CPU
	EndGlobalSection
	GlobalSection(ProjectConfigurationPlatforms) = postSolution
		{3EF9DD84-93D8-4CBA-A528-5DF198923F69}.Debug|Any CPU.ActiveCfg = Debug|Any CPU
		{3EF9DD84-93D8-4CBA-A528-5DF198923F69}.Debug|Any CPU.Build.0 = Debug|Any CPU
		{3EF9DD84-93D8-4CBA-A528-5DF198923F69}.Release|Any CPU.ActiveCfg = Release|Any CPU
		{3EF9DD84-93D8-4CBA-A528-5DF198923F69}.Release|Any CPU.Build.0 = Release|Any CPU
		{23C9E893-5509-4C70-BC87-CE71C82F9853}.Debug|Any CPU.ActiveCfg = Debug|Any CPU
		{23C9E893-5509-4C70-BC87-CE71C82F9853}.Debug|Any CPU.Build.0 = Debug|Any CPU
		{23C9E893-5509-4C70-BC87-CE71C82F9853}.Release|Any CPU.ActiveCfg = Release|Any CPU
		{23C9E893-5509-4C70-BC87-CE71C82F9853}.Release|Any CPU.Build.0 = Release|Any CPU
		{9DE27394-50D0-4B69-8EF8-D8347DA1A9D0}.Debug|Any CPU.ActiveCfg = Debug|Any CPU
		{9DE27394-50D0-4B69-8EF8-D8347DA1A9D0}.Debug|Any CPU.Build.0 = Debug|Any CPU
		{9DE27394-50D0-4B69-8EF8-D8347DA1A9D0}.Release|Any CPU.ActiveCfg = Release|Any CPU
		{9DE27394-50D0-4B69-8EF8-D8347DA1A9D0}.Release|Any CPU.Build.0 = Release|Any CPU
		{79C93F80-2830-4318-8632-ADBECBC00F18}.Debug|Any CPU.ActiveCfg = Debug|Any CPU
		{79C93F80-2830-4318-8632-ADBECBC00F18}.Debug|Any CPU.Build.0 = Debug|Any CPU
		{79C93F80-2830-4318-8632-ADBECBC00F18}.Release|Any CPU.ActiveCfg = Release|Any CPU
		{79C93F80-2830-4318-8632-ADBECBC00F18}.Release|Any CPU.Build.0 = Release|Any CPU
		{61572479-B21E-4A85-92AB-C38B7C2439CF}.Debug|Any CPU.ActiveCfg = Debug|Any CPU
		{61572479-B21E-4A85-92AB-C38B7C2439CF}.Debug|Any CPU.Build.0 = Debug|Any CPU
		{61572479-B21E-4A85-92AB-C38B7C2439CF}.Release|Any CPU.ActiveCfg = Release|Any CPU
		{61572479-B21E-4A85-92AB-C38B7C2439CF}.Release|Any CPU.Build.0 = Release|Any CPU
		{FA0EC8DB-A4E6-42B9-A06D-8448672266CC}.Debug|Any CPU.ActiveCfg = Debug|Any CPU
		{FA0EC8DB-A4E6-42B9-A06D-8448672266CC}.Debug|Any CPU.Build.0 = Debug|Any CPU
		{FA0EC8DB-A4E6-42B9-A06D-8448672266CC}.Release|Any CPU.ActiveCfg = Release|Any CPU
		{FA0EC8DB-A4E6-42B9-A06D-8448672266CC}.Release|Any CPU.Build.0 = Release|Any CPU
		{1ADFDB75-B9BD-4DD9-B576-E3AC59B0FCAF}.Debug|Any CPU.ActiveCfg = Debug|Any CPU
		{1ADFDB75-B9BD-4DD9-B576-E3AC59B0FCAF}.Debug|Any CPU.Build.0 = Debug|Any CPU
		{1ADFDB75-B9BD-4DD9-B576-E3AC59B0FCAF}.Release|Any CPU.ActiveCfg = Release|Any CPU
		{1ADFDB75-B9BD-4DD9-B576-E3AC59B0FCAF}.Release|Any CPU.Build.0 = Release|Any CPU
		{9E4A0432-B37F-469E-A01F-C04A35CE2DF9}.Debug|Any CPU.ActiveCfg = Debug|Any CPU
		{9E4A0432-B37F-469E-A01F-C04A35CE2DF9}.Debug|Any CPU.Build.0 = Debug|Any CPU
		{9E4A0432-B37F-469E-A01F-C04A35CE2DF9}.Release|Any CPU.ActiveCfg = Release|Any CPU
		{9E4A0432-B37F-469E-A01F-C04A35CE2DF9}.Release|Any CPU.Build.0 = Release|Any CPU
		{FB64951D-DC95-47E7-9A87-5E6F647486BA}.Debug|Any CPU.ActiveCfg = Debug|Any CPU
		{FB64951D-DC95-47E7-9A87-5E6F647486BA}.Debug|Any CPU.Build.0 = Debug|Any CPU
		{FB64951D-DC95-47E7-9A87-5E6F647486BA}.Release|Any CPU.ActiveCfg = Release|Any CPU
		{FB64951D-DC95-47E7-9A87-5E6F647486BA}.Release|Any CPU.Build.0 = Release|Any CPU
	EndGlobalSection
	GlobalSection(SolutionProperties) = preSolution
		HideSolutionNode = FALSE
	EndGlobalSection
	GlobalSection(ExtensibilityGlobals) = postSolution
		SolutionGuid = {4D215DE5-2052-4F1B-85AF-7DD3516C5A10}
	EndGlobalSection
EndGlobal
